{
  "originHash" : "ff5e27bc017056645706c323717fedf661f079550a9217e963e3ec528f1790d8",
  "pins" : [
    {
      "identity" : "swift-argument-parser",
      "kind" : "remoteSourceControl",
      "location" : "https://github.com/apple/swift-argument-parser.git",
      "state" : {
        "revision" : "f3c9084a71ef4376f2fabbdf1d3d90a49f1fabdb",
        "version" : "1.1.2"
      }
    },
    {
      "identity" : "swift-gpio",
      "kind" : "remoteSourceControl",
      "location" : "https://github.com/fizker/swift-gpio.git",
      "state" : {
        "branch" : "refactor-to-wiringpi",
        "revision" : "347efda70e7a40ffbd1ec7a8791a28240ef07bcf"
      }
    },
    {
      "identity" : "swift-wiringpi",
      "kind" : "remoteSourceControl",
      "location" : "https://github.com/fizker/swift-wiringpi.git",
      "state" : {
        "branch" : "main",
        "revision" : "8da151dfccdf49c0d10c584d4c26c616732d15eb"
      }
    }
  ],
  "version" : 3
}
