{
  "originHash" : "c51f27b2eaf606ac1af7a3ce6823dd71f8d7c707e20aea82c37f402e2359523a",
  "pins" : [
    {
      "identity" : "swift-argument-parser",
      "kind" : "remoteSourceControl",
      "location" : "https://github.com/apple/swift-argument-parser.git",
      "state" : {
        "revision" : "f3c9084a71ef4376f2fabbdf1d3d90a49f1fabdb",
        "version" : "1.1.2"
      }
    },
    {
      "identity" : "swift-gpio",
      "kind" : "remoteSourceControl",
      "location" : "https://github.com/fizker/swift-gpio.git",
      "state" : {
        "revision" : "f82b180a59439cfbb4bd6d57a7ca02d2b5e52a9b",
        "version" : "0.2.1"
      }
    },
    {
      "identity" : "swiftygpio",
      "kind" : "remoteSourceControl",
      "location" : "https://github.com/fizker/SwiftyGPIO.git",
      "state" : {
        "branch" : "1.4.5-unwrap-optionals",
        "revision" : "089f1270ac24f45985fe720cd6a2699dd3adf185"
      }
    }
  ],
  "version" : 3
}
